// !$*UTF8*$!
{
	archiveVersion = 1;
	classes = {
	};
	objectVersion = 47;
	objects = {

/* Begin PBXBuildFile section */
		23D776A0C6237C47819AEF6C /* Pods_todaySchedule.framework in Frameworks */ = {isa = PBXBuildFile; fileRef = 534E37A56C1C564EF5A0BC81 /* Pods_todaySchedule.framework */; };
		430B85E31CA8939A0047A944 /* SettingsActions.swift in Sources */ = {isa = PBXBuildFile; fileRef = 430B85E21CA8939A0047A944 /* SettingsActions.swift */; };
		430B85E51CA8981C0047A944 /* LightStatusBarNavigationController.swift in Sources */ = {isa = PBXBuildFile; fileRef = 430B85E41CA8981C0047A944 /* LightStatusBarNavigationController.swift */; };
		430B85E71CA8ED200047A944 /* WCBNStream.swift in Sources */ = {isa = PBXBuildFile; fileRef = 430B85E61CA8ED200047A944 /* WCBNStream.swift */; };
		430E3ED61C488B7200476F48 /* AppDelegate.swift in Sources */ = {isa = PBXBuildFile; fileRef = 430E3ED51C488B7200476F48 /* AppDelegate.swift */; };
		430E3EED1C488B7200476F48 /* playerTests.swift in Sources */ = {isa = PBXBuildFile; fileRef = 430E3EEC1C488B7200476F48 /* playerTests.swift */; };
		430E3EF81C488B7200476F48 /* playerUITests.swift in Sources */ = {isa = PBXBuildFile; fileRef = 430E3EF71C488B7200476F48 /* playerUITests.swift */; };
		430E3F071C488C5C00476F48 /* Colors.swift in Sources */ = {isa = PBXBuildFile; fileRef = 430E3F061C488C5C00476F48 /* Colors.swift */; };
		430E3F0A1C488EC900476F48 /* RadioViewController.swift in Sources */ = {isa = PBXBuildFile; fileRef = 430E3F081C488EC900476F48 /* RadioViewController.swift */; };
		430E3F0B1C488EC900476F48 /* WCBNRadioBrain.swift in Sources */ = {isa = PBXBuildFile; fileRef = 430E3F091C488EC900476F48 /* WCBNRadioBrain.swift */; };
		430E3F121C488F0900476F48 /* FavouritesTableViewController.swift in Sources */ = {isa = PBXBuildFile; fileRef = 430E3F101C488F0900476F48 /* FavouritesTableViewController.swift */; };
		430E3F131C488F0900476F48 /* FavouriteTableViewCell.swift in Sources */ = {isa = PBXBuildFile; fileRef = 430E3F111C488F0900476F48 /* FavouriteTableViewCell.swift */; };
		430E3F201C495ABE00476F48 /* Lato-Black.ttf in Resources */ = {isa = PBXBuildFile; fileRef = 430E3F1C1C495ABE00476F48 /* Lato-Black.ttf */; };
		430E3F211C495ABE00476F48 /* Lato-Bold.ttf in Resources */ = {isa = PBXBuildFile; fileRef = 430E3F1D1C495ABE00476F48 /* Lato-Bold.ttf */; };
		4314F7671CE110D20045EB46 /* DJ.swift in Sources */ = {isa = PBXBuildFile; fileRef = 4314F7661CE110D20045EB46 /* DJ.swift */; };
		43207A9D1C4C3AEB00DE6C62 /* Lato-Italic.ttf in Resources */ = {isa = PBXBuildFile; fileRef = 43207A9B1C4C3AEB00DE6C62 /* Lato-Italic.ttf */; };
		43207A9E1C4C3AEB00DE6C62 /* Lato-Regular.ttf in Resources */ = {isa = PBXBuildFile; fileRef = 43207A9C1C4C3AEB00DE6C62 /* Lato-Regular.ttf */; };
		43207AA01C4C3F5200DE6C62 /* PlaylistTableViewController.swift in Sources */ = {isa = PBXBuildFile; fileRef = 43207A9F1C4C3F5200DE6C62 /* PlaylistTableViewController.swift */; };
		43207AA31C502FC600DE6C62 /* delay.swift in Sources */ = {isa = PBXBuildFile; fileRef = 43207AA21C502FC600DE6C62 /* delay.swift */; };
		432C6B901D19A5B50077531E /* AVFoundation.framework in Frameworks */ = {isa = PBXBuildFile; fileRef = 432C6B8F1D19A5B50077531E /* AVFoundation.framework */; };
		432C6B921D19A5BD0077531E /* SystemConfiguration.framework in Frameworks */ = {isa = PBXBuildFile; fileRef = 432C6B911D19A5BD0077531E /* SystemConfiguration.framework */; };
		432DD3891D48D4E200483911 /* Spotify.framework in Frameworks */ = {isa = PBXBuildFile; fileRef = 43CAC3F81D40E78C00A5BA1B /* Spotify.framework */; };
		43357FEC1C4B5E4C0085EA57 /* Favourites.swift in Sources */ = {isa = PBXBuildFile; fileRef = 43357FEB1C4B5E4C0085EA57 /* Favourites.swift */; };
		433987711CE681CF00F01E29 /* CircleHelpers.swift in Sources */ = {isa = PBXBuildFile; fileRef = 4339876E1CE681CF00F01E29 /* CircleHelpers.swift */; };
		433987721CE681CF00F01E29 /* RadialMenu.swift in Sources */ = {isa = PBXBuildFile; fileRef = 4339876F1CE681CF00F01E29 /* RadialMenu.swift */; };
		433987731CE681CF00F01E29 /* RadialSubMenu.swift in Sources */ = {isa = PBXBuildFile; fileRef = 433987701CE681CF00F01E29 /* RadialSubMenu.swift */; };
		433987761CE682AA00F01E29 /* UIColor+helpers.swift in Sources */ = {isa = PBXBuildFile; fileRef = 433987751CE682AA00F01E29 /* UIColor+helpers.swift */; };
		433987781CE6852300F01E29 /* RadioVCRadialMenu.swift in Sources */ = {isa = PBXBuildFile; fileRef = 433987771CE6852300F01E29 /* RadioVCRadialMenu.swift */; };
		435B71F51CAF853700D4880B /* DJCollectionViewCell.swift in Sources */ = {isa = PBXBuildFile; fileRef = 435B71F41CAF853700D4880B /* DJCollectionViewCell.swift */; };
		4362261F1D3C5C3800F689B6 /* SongSearchServiceTests.swift in Sources */ = {isa = PBXBuildFile; fileRef = 4362261E1D3C5C3800F689B6 /* SongSearchServiceTests.swift */; };
		436226201D3C5C8500F689B6 /* iTunesService.swift in Sources */ = {isa = PBXBuildFile; fileRef = 4363355B1D21CE6500CBACBC /* iTunesService.swift */; };
		436226211D3C5D5200F689B6 /* Song.swift in Sources */ = {isa = PBXBuildFile; fileRef = 43C94BC91CBB1F53007D8797 /* Song.swift */; };
		436226221D3C5E1100F689B6 /* fetch.swift in Sources */ = {isa = PBXBuildFile; fileRef = 439EB4D81D1596A100739134 /* fetch.swift */; };
		436226231D3C5E1500F689B6 /* SongSearchService.swift in Sources */ = {isa = PBXBuildFile; fileRef = 436335581D21CBF900CBACBC /* SongSearchService.swift */; };
		436335591D21CBF900CBACBC /* SongSearchService.swift in Sources */ = {isa = PBXBuildFile; fileRef = 436335581D21CBF900CBACBC /* SongSearchService.swift */; };
		4363355C1D21CE6500CBACBC /* iTunesService.swift in Sources */ = {isa = PBXBuildFile; fileRef = 4363355B1D21CE6500CBACBC /* iTunesService.swift */; };
		438106751CA83230009547CD /* ShowNotesTableViewCell.swift in Sources */ = {isa = PBXBuildFile; fileRef = 438106741CA83230009547CD /* ShowNotesTableViewCell.swift */; };
		438106771CA832B6009547CD /* ScheduleTableViewCell.swift in Sources */ = {isa = PBXBuildFile; fileRef = 438106761CA832B6009547CD /* ScheduleTableViewCell.swift */; };
		4392061C1CE58083009C3BFF /* Main.storyboard in Resources */ = {isa = PBXBuildFile; fileRef = 4392061B1CE58083009C3BFF /* Main.storyboard */; };
		4392061E1CE580B4009C3BFF /* LaunchScreen.storyboard in Resources */ = {isa = PBXBuildFile; fileRef = 4392061D1CE580B4009C3BFF /* LaunchScreen.storyboard */; };
		4392A1641D68ED5F009C69AF /* StoreKit.framework in Frameworks */ = {isa = PBXBuildFile; fileRef = 4392A1631D68ED5F009C69AF /* StoreKit.framework */; };
		4392A1661D68F2A2009C69AF /* TipJarTableViewController.swift in Sources */ = {isa = PBXBuildFile; fileRef = 4392A1651D68F2A2009C69AF /* TipJarTableViewController.swift */; };
		4393E6991CA5D3B7000B2D6F /* PlaylistTableViewCell.swift in Sources */ = {isa = PBXBuildFile; fileRef = 4393E6981CA5D3B7000B2D6F /* PlaylistTableViewCell.swift */; };
		4393E69B1CA5DE75000B2D6F /* SwiftyJSONDateTime.swift in Sources */ = {isa = PBXBuildFile; fileRef = 4393E69A1CA5DE75000B2D6F /* SwiftyJSONDateTime.swift */; };
		4393E69D1CA62B8D000B2D6F /* SettingsTableViewController.swift in Sources */ = {isa = PBXBuildFile; fileRef = 4393E69C1CA62B8D000B2D6F /* SettingsTableViewController.swift */; };
		439EB4D71D15954E00739134 /* NotificationCenter.framework in Frameworks */ = {isa = PBXBuildFile; fileRef = 43E7F1D41D10A10A0052AFF6 /* NotificationCenter.framework */; };
		439EB4D91D1596A100739134 /* fetch.swift in Sources */ = {isa = PBXBuildFile; fileRef = 439EB4D81D1596A100739134 /* fetch.swift */; };
		439EB4DA1D1596A100739134 /* fetch.swift in Sources */ = {isa = PBXBuildFile; fileRef = 439EB4D81D1596A100739134 /* fetch.swift */; };
		439EB4DB1D15A16F00739134 /* SwiftyJSONDateTime.swift in Sources */ = {isa = PBXBuildFile; fileRef = 4393E69A1CA5DE75000B2D6F /* SwiftyJSONDateTime.swift */; };
		43AB82471CAC8A76003A5CC4 /* InstructionsTableViewCell.swift in Sources */ = {isa = PBXBuildFile; fileRef = 43AB82461CAC8A76003A5CC4 /* InstructionsTableViewCell.swift */; };
		43B70CCD1CAB1F1500C50170 /* FavouriteSong.swift in Sources */ = {isa = PBXBuildFile; fileRef = 43B70CCC1CAB1F1500C50170 /* FavouriteSong.swift */; };
		43BBC9131D3C6E2F00A70F37 /* SpotifyService.swift in Sources */ = {isa = PBXBuildFile; fileRef = 43BBC9121D3C6E2F00A70F37 /* SpotifyService.swift */; };
		43C94BC81CBB1F1B007D8797 /* Show.swift in Sources */ = {isa = PBXBuildFile; fileRef = 43C94BC71CBB1F1B007D8797 /* Show.swift */; };
		43C94BCA1CBB1F53007D8797 /* Song.swift in Sources */ = {isa = PBXBuildFile; fileRef = 43C94BC91CBB1F53007D8797 /* Song.swift */; };
		43C94BCD1CBB1FA4007D8797 /* Episode.swift in Sources */ = {isa = PBXBuildFile; fileRef = 43C94BCC1CBB1FA4007D8797 /* Episode.swift */; };
		43C94BCF1CBB40BD007D8797 /* RecentEpisodeTableViewCell.swift in Sources */ = {isa = PBXBuildFile; fileRef = 43C94BCE1CBB40BD007D8797 /* RecentEpisodeTableViewCell.swift */; };
		43C94BD11CBB6131007D8797 /* DJViewController.swift in Sources */ = {isa = PBXBuildFile; fileRef = 43C94BD01CBB6131007D8797 /* DJViewController.swift */; };
		43CAC3F91D40E78C00A5BA1B /* Spotify.framework in Frameworks */ = {isa = PBXBuildFile; fileRef = 43CAC3F81D40E78C00A5BA1B /* Spotify.framework */; };
		43CD432E1CA5C5A60031B20A /* ScheduleTableViewController.swift in Sources */ = {isa = PBXBuildFile; fileRef = 43CD432D1CA5C5A60031B20A /* ScheduleTableViewController.swift */; };
		43E7F1D81D10A10A0052AFF6 /* TodayViewController.swift in Sources */ = {isa = PBXBuildFile; fileRef = 43E7F1D71D10A10A0052AFF6 /* TodayViewController.swift */; };
		43E7F1DB1D10A10A0052AFF6 /* MainInterface.storyboard in Resources */ = {isa = PBXBuildFile; fileRef = 43E7F1D91D10A10A0052AFF6 /* MainInterface.storyboard */; };
		43E7F1DF1D10A10A0052AFF6 /* todaySchedule.appex in Embed App Extensions */ = {isa = PBXBuildFile; fileRef = 43E7F1D31D10A10A0052AFF6 /* todaySchedule.appex */; settings = {ATTRIBUTES = (RemoveHeadersOnCopy, ); }; };
		43E7F1E41D10A2410052AFF6 /* Lato-Black.ttf in Resources */ = {isa = PBXBuildFile; fileRef = 430E3F1C1C495ABE00476F48 /* Lato-Black.ttf */; };
		43E7F1E51D10A2410052AFF6 /* Lato-Italic.ttf in Resources */ = {isa = PBXBuildFile; fileRef = 43207A9B1C4C3AEB00DE6C62 /* Lato-Italic.ttf */; };
		43E7F1E61D10A2410052AFF6 /* Lato-Regular.ttf in Resources */ = {isa = PBXBuildFile; fileRef = 43207A9C1C4C3AEB00DE6C62 /* Lato-Regular.ttf */; };
		43F03CA41CAE047D005E5D4E /* ShowDetailViewController.swift in Sources */ = {isa = PBXBuildFile; fileRef = 43F03CA31CAE047D005E5D4E /* ShowDetailViewController.swift */; };
		43FF27BF1CE6D60000D7226B /* Images.xcassets in Resources */ = {isa = PBXBuildFile; fileRef = 43FF27BE1CE6D60000D7226B /* Images.xcassets */; };
		4CF6D33D36FA007D199BA1FB /* Pods_player.framework in Frameworks */ = {isa = PBXBuildFile; fileRef = F3888216FE7737B84F2F6628 /* Pods_player.framework */; };
/* End PBXBuildFile section */

/* Begin PBXContainerItemProxy section */
		430E3EE91C488B7200476F48 /* PBXContainerItemProxy */ = {
			isa = PBXContainerItemProxy;
			containerPortal = 430E3ECA1C488B7200476F48 /* Project object */;
			proxyType = 1;
			remoteGlobalIDString = 430E3ED11C488B7200476F48;
			remoteInfo = player;
		};
		430E3EF41C488B7200476F48 /* PBXContainerItemProxy */ = {
			isa = PBXContainerItemProxy;
			containerPortal = 430E3ECA1C488B7200476F48 /* Project object */;
			proxyType = 1;
			remoteGlobalIDString = 430E3ED11C488B7200476F48;
			remoteInfo = player;
		};
		43E7F1DD1D10A10A0052AFF6 /* PBXContainerItemProxy */ = {
			isa = PBXContainerItemProxy;
			containerPortal = 430E3ECA1C488B7200476F48 /* Project object */;
			proxyType = 1;
			remoteGlobalIDString = 43E7F1D21D10A10A0052AFF6;
			remoteInfo = todaySchedule;
		};
/* End PBXContainerItemProxy section */

/* Begin PBXCopyFilesBuildPhase section */
		43E7F1E31D10A10A0052AFF6 /* Embed App Extensions */ = {
			isa = PBXCopyFilesBuildPhase;
			buildActionMask = 2147483647;
			dstPath = "";
			dstSubfolderSpec = 13;
			files = (
				43E7F1DF1D10A10A0052AFF6 /* todaySchedule.appex in Embed App Extensions */,
			);
			name = "Embed App Extensions";
			runOnlyForDeploymentPostprocessing = 0;
		};
/* End PBXCopyFilesBuildPhase section */

/* Begin PBXFileReference section */
		05ECA1C66EB1117EAF4F60C8 /* Pods-player.release.xcconfig */ = {isa = PBXFileReference; includeInIndex = 1; lastKnownFileType = text.xcconfig; name = "Pods-player.release.xcconfig"; path = "Pods/Target Support Files/Pods-player/Pods-player.release.xcconfig"; sourceTree = "<group>"; };
		430B85E21CA8939A0047A944 /* SettingsActions.swift */ = {isa = PBXFileReference; fileEncoding = 4; lastKnownFileType = sourcecode.swift; path = SettingsActions.swift; sourceTree = "<group>"; };
		430B85E41CA8981C0047A944 /* LightStatusBarNavigationController.swift */ = {isa = PBXFileReference; fileEncoding = 4; lastKnownFileType = sourcecode.swift; path = LightStatusBarNavigationController.swift; sourceTree = "<group>"; };
		430B85E61CA8ED200047A944 /* WCBNStream.swift */ = {isa = PBXFileReference; fileEncoding = 4; lastKnownFileType = sourcecode.swift; path = WCBNStream.swift; sourceTree = "<group>"; };
		430E3ED21C488B7200476F48 /* player.app */ = {isa = PBXFileReference; explicitFileType = wrapper.application; includeInIndex = 0; path = player.app; sourceTree = BUILT_PRODUCTS_DIR; };
		430E3ED51C488B7200476F48 /* AppDelegate.swift */ = {isa = PBXFileReference; lastKnownFileType = sourcecode.swift; path = AppDelegate.swift; sourceTree = "<group>"; };
		430E3EE31C488B7200476F48 /* Info.plist */ = {isa = PBXFileReference; lastKnownFileType = text.plist.xml; path = Info.plist; sourceTree = "<group>"; };
		430E3EE81C488B7200476F48 /* playerTests.xctest */ = {isa = PBXFileReference; explicitFileType = wrapper.cfbundle; includeInIndex = 0; path = playerTests.xctest; sourceTree = BUILT_PRODUCTS_DIR; };
		430E3EEC1C488B7200476F48 /* playerTests.swift */ = {isa = PBXFileReference; lastKnownFileType = sourcecode.swift; path = playerTests.swift; sourceTree = "<group>"; };
		430E3EEE1C488B7200476F48 /* Info.plist */ = {isa = PBXFileReference; lastKnownFileType = text.plist.xml; path = Info.plist; sourceTree = "<group>"; };
		430E3EF31C488B7200476F48 /* playerUITests.xctest */ = {isa = PBXFileReference; explicitFileType = wrapper.cfbundle; includeInIndex = 0; path = playerUITests.xctest; sourceTree = BUILT_PRODUCTS_DIR; };
		430E3EF71C488B7200476F48 /* playerUITests.swift */ = {isa = PBXFileReference; lastKnownFileType = sourcecode.swift; path = playerUITests.swift; sourceTree = "<group>"; };
		430E3EF91C488B7200476F48 /* Info.plist */ = {isa = PBXFileReference; lastKnownFileType = text.plist.xml; path = Info.plist; sourceTree = "<group>"; };
		430E3F061C488C5C00476F48 /* Colors.swift */ = {isa = PBXFileReference; fileEncoding = 4; lastKnownFileType = sourcecode.swift; path = Colors.swift; sourceTree = "<group>"; };
		430E3F081C488EC900476F48 /* RadioViewController.swift */ = {isa = PBXFileReference; fileEncoding = 4; lastKnownFileType = sourcecode.swift; path = RadioViewController.swift; sourceTree = "<group>"; };
		430E3F091C488EC900476F48 /* WCBNRadioBrain.swift */ = {isa = PBXFileReference; fileEncoding = 4; lastKnownFileType = sourcecode.swift; path = WCBNRadioBrain.swift; sourceTree = "<group>"; };
		430E3F101C488F0900476F48 /* FavouritesTableViewController.swift */ = {isa = PBXFileReference; fileEncoding = 4; lastKnownFileType = sourcecode.swift; path = FavouritesTableViewController.swift; sourceTree = "<group>"; };
		430E3F111C488F0900476F48 /* FavouriteTableViewCell.swift */ = {isa = PBXFileReference; fileEncoding = 4; lastKnownFileType = sourcecode.swift; path = FavouriteTableViewCell.swift; sourceTree = "<group>"; };
		430E3F1C1C495ABE00476F48 /* Lato-Black.ttf */ = {isa = PBXFileReference; lastKnownFileType = file; path = "Lato-Black.ttf"; sourceTree = "<group>"; };
		430E3F1D1C495ABE00476F48 /* Lato-Bold.ttf */ = {isa = PBXFileReference; lastKnownFileType = file; path = "Lato-Bold.ttf"; sourceTree = "<group>"; };
		4314F7661CE110D20045EB46 /* DJ.swift */ = {isa = PBXFileReference; fileEncoding = 4; lastKnownFileType = sourcecode.swift; path = DJ.swift; sourceTree = "<group>"; };
		43207A9B1C4C3AEB00DE6C62 /* Lato-Italic.ttf */ = {isa = PBXFileReference; lastKnownFileType = file; path = "Lato-Italic.ttf"; sourceTree = "<group>"; };
		43207A9C1C4C3AEB00DE6C62 /* Lato-Regular.ttf */ = {isa = PBXFileReference; lastKnownFileType = file; path = "Lato-Regular.ttf"; sourceTree = "<group>"; };
		43207A9F1C4C3F5200DE6C62 /* PlaylistTableViewController.swift */ = {isa = PBXFileReference; fileEncoding = 4; lastKnownFileType = sourcecode.swift; path = PlaylistTableViewController.swift; sourceTree = "<group>"; };
		43207AA21C502FC600DE6C62 /* delay.swift */ = {isa = PBXFileReference; fileEncoding = 4; lastKnownFileType = sourcecode.swift; path = delay.swift; sourceTree = "<group>"; };
		432C6B8F1D19A5B50077531E /* AVFoundation.framework */ = {isa = PBXFileReference; lastKnownFileType = wrapper.framework; name = AVFoundation.framework; path = System/Library/Frameworks/AVFoundation.framework; sourceTree = SDKROOT; };
		432C6B911D19A5BD0077531E /* SystemConfiguration.framework */ = {isa = PBXFileReference; lastKnownFileType = wrapper.framework; name = SystemConfiguration.framework; path = System/Library/Frameworks/SystemConfiguration.framework; sourceTree = SDKROOT; };
		43357FEB1C4B5E4C0085EA57 /* Favourites.swift */ = {isa = PBXFileReference; fileEncoding = 4; lastKnownFileType = sourcecode.swift; path = Favourites.swift; sourceTree = "<group>"; };
		4339876E1CE681CF00F01E29 /* CircleHelpers.swift */ = {isa = PBXFileReference; fileEncoding = 4; lastKnownFileType = sourcecode.swift; path = CircleHelpers.swift; sourceTree = "<group>"; };
		4339876F1CE681CF00F01E29 /* RadialMenu.swift */ = {isa = PBXFileReference; fileEncoding = 4; lastKnownFileType = sourcecode.swift; path = RadialMenu.swift; sourceTree = "<group>"; };
		433987701CE681CF00F01E29 /* RadialSubMenu.swift */ = {isa = PBXFileReference; fileEncoding = 4; lastKnownFileType = sourcecode.swift; path = RadialSubMenu.swift; sourceTree = "<group>"; };
		433987751CE682AA00F01E29 /* UIColor+helpers.swift */ = {isa = PBXFileReference; fileEncoding = 4; lastKnownFileType = sourcecode.swift; path = "UIColor+helpers.swift"; sourceTree = "<group>"; };
		433987771CE6852300F01E29 /* RadioVCRadialMenu.swift */ = {isa = PBXFileReference; fileEncoding = 4; lastKnownFileType = sourcecode.swift; path = RadioVCRadialMenu.swift; sourceTree = "<group>"; };
		435B71F41CAF853700D4880B /* DJCollectionViewCell.swift */ = {isa = PBXFileReference; fileEncoding = 4; lastKnownFileType = sourcecode.swift; path = DJCollectionViewCell.swift; sourceTree = "<group>"; };
		435D97AF1D15CBD000098168 /* todaySchedule.entitlements */ = {isa = PBXFileReference; lastKnownFileType = text.xml; path = todaySchedule.entitlements; sourceTree = "<group>"; };
		435D97B01D15CBD600098168 /* player.entitlements */ = {isa = PBXFileReference; lastKnownFileType = text.xml; path = player.entitlements; sourceTree = "<group>"; };
		4362261E1D3C5C3800F689B6 /* SongSearchServiceTests.swift */ = {isa = PBXFileReference; fileEncoding = 4; lastKnownFileType = sourcecode.swift; name = SongSearchServiceTests.swift; path = ../player/Tests/SongSearchServiceTests.swift; sourceTree = "<group>"; };
		436335581D21CBF900CBACBC /* SongSearchService.swift */ = {isa = PBXFileReference; fileEncoding = 4; lastKnownFileType = sourcecode.swift; path = SongSearchService.swift; sourceTree = "<group>"; };
		4363355B1D21CE6500CBACBC /* iTunesService.swift */ = {isa = PBXFileReference; fileEncoding = 4; lastKnownFileType = sourcecode.swift; path = iTunesService.swift; sourceTree = "<group>"; };
		438106741CA83230009547CD /* ShowNotesTableViewCell.swift */ = {isa = PBXFileReference; fileEncoding = 4; lastKnownFileType = sourcecode.swift; path = ShowNotesTableViewCell.swift; sourceTree = "<group>"; };
		438106761CA832B6009547CD /* ScheduleTableViewCell.swift */ = {isa = PBXFileReference; fileEncoding = 4; lastKnownFileType = sourcecode.swift; path = ScheduleTableViewCell.swift; sourceTree = "<group>"; };
		4392061B1CE58083009C3BFF /* Main.storyboard */ = {isa = PBXFileReference; fileEncoding = 4; lastKnownFileType = file.storyboard; path = Main.storyboard; sourceTree = "<group>"; };
		4392061D1CE580B4009C3BFF /* LaunchScreen.storyboard */ = {isa = PBXFileReference; fileEncoding = 4; lastKnownFileType = file.storyboard; path = LaunchScreen.storyboard; sourceTree = "<group>"; };
		4392A1631D68ED5F009C69AF /* StoreKit.framework */ = {isa = PBXFileReference; lastKnownFileType = wrapper.framework; name = StoreKit.framework; path = System/Library/Frameworks/StoreKit.framework; sourceTree = SDKROOT; };
		4392A1651D68F2A2009C69AF /* TipJarTableViewController.swift */ = {isa = PBXFileReference; fileEncoding = 4; lastKnownFileType = sourcecode.swift; path = TipJarTableViewController.swift; sourceTree = "<group>"; };
		4393E6981CA5D3B7000B2D6F /* PlaylistTableViewCell.swift */ = {isa = PBXFileReference; fileEncoding = 4; lastKnownFileType = sourcecode.swift; path = PlaylistTableViewCell.swift; sourceTree = "<group>"; };
		4393E69A1CA5DE75000B2D6F /* SwiftyJSONDateTime.swift */ = {isa = PBXFileReference; fileEncoding = 4; lastKnownFileType = sourcecode.swift; path = SwiftyJSONDateTime.swift; sourceTree = "<group>"; };
		4393E69C1CA62B8D000B2D6F /* SettingsTableViewController.swift */ = {isa = PBXFileReference; fileEncoding = 4; lastKnownFileType = sourcecode.swift; path = SettingsTableViewController.swift; sourceTree = "<group>"; };
		439EB4D31D15951400739134 /* SwiftyJSON.framework */ = {isa = PBXFileReference; lastKnownFileType = wrapper.framework; name = SwiftyJSON.framework; path = "../../../../Library/Developer/Xcode/DerivedData/player-atienlauyldelsczzfhvlajoszut/Build/Products/Debug-iphonesimulator/SwiftyJSON/SwiftyJSON.framework"; sourceTree = "<group>"; };
		439EB4D81D1596A100739134 /* fetch.swift */ = {isa = PBXFileReference; fileEncoding = 4; lastKnownFileType = sourcecode.swift; path = fetch.swift; sourceTree = "<group>"; };
		43AB82461CAC8A76003A5CC4 /* InstructionsTableViewCell.swift */ = {isa = PBXFileReference; fileEncoding = 4; lastKnownFileType = sourcecode.swift; path = InstructionsTableViewCell.swift; sourceTree = "<group>"; };
		43B70CCC1CAB1F1500C50170 /* FavouriteSong.swift */ = {isa = PBXFileReference; fileEncoding = 4; lastKnownFileType = sourcecode.swift; path = FavouriteSong.swift; sourceTree = "<group>"; };
		43BBC9121D3C6E2F00A70F37 /* SpotifyService.swift */ = {isa = PBXFileReference; fileEncoding = 4; lastKnownFileType = sourcecode.swift; path = SpotifyService.swift; sourceTree = "<group>"; };
		43C94BC71CBB1F1B007D8797 /* Show.swift */ = {isa = PBXFileReference; fileEncoding = 4; lastKnownFileType = sourcecode.swift; path = Show.swift; sourceTree = "<group>"; };
		43C94BC91CBB1F53007D8797 /* Song.swift */ = {isa = PBXFileReference; fileEncoding = 4; lastKnownFileType = sourcecode.swift; path = Song.swift; sourceTree = "<group>"; };
		43C94BCC1CBB1FA4007D8797 /* Episode.swift */ = {isa = PBXFileReference; fileEncoding = 4; lastKnownFileType = sourcecode.swift; path = Episode.swift; sourceTree = "<group>"; };
		43C94BCE1CBB40BD007D8797 /* RecentEpisodeTableViewCell.swift */ = {isa = PBXFileReference; fileEncoding = 4; lastKnownFileType = sourcecode.swift; path = RecentEpisodeTableViewCell.swift; sourceTree = "<group>"; };
		43C94BD01CBB6131007D8797 /* DJViewController.swift */ = {isa = PBXFileReference; fileEncoding = 4; lastKnownFileType = sourcecode.swift; path = DJViewController.swift; sourceTree = "<group>"; };
		43CAC3F81D40E78C00A5BA1B /* Spotify.framework */ = {isa = PBXFileReference; lastKnownFileType = wrapper.framework; name = Spotify.framework; path = player/Spotify.framework; sourceTree = "<group>"; };
		43CAC3FA1D40E7B400A5BA1B /* player-Bridging-Header.h */ = {isa = PBXFileReference; fileEncoding = 4; lastKnownFileType = sourcecode.c.h; name = "player-Bridging-Header.h"; path = "player/player-Bridging-Header.h"; sourceTree = "<group>"; };
		43CD432D1CA5C5A60031B20A /* ScheduleTableViewController.swift */ = {isa = PBXFileReference; fileEncoding = 4; lastKnownFileType = sourcecode.swift; path = ScheduleTableViewController.swift; sourceTree = "<group>"; };
		43E7F1D31D10A10A0052AFF6 /* todaySchedule.appex */ = {isa = PBXFileReference; explicitFileType = "wrapper.app-extension"; includeInIndex = 0; path = todaySchedule.appex; sourceTree = BUILT_PRODUCTS_DIR; };
		43E7F1D41D10A10A0052AFF6 /* NotificationCenter.framework */ = {isa = PBXFileReference; lastKnownFileType = wrapper.framework; name = NotificationCenter.framework; path = System/Library/Frameworks/NotificationCenter.framework; sourceTree = SDKROOT; };
		43E7F1D71D10A10A0052AFF6 /* TodayViewController.swift */ = {isa = PBXFileReference; lastKnownFileType = sourcecode.swift; path = TodayViewController.swift; sourceTree = "<group>"; };
		43E7F1DA1D10A10A0052AFF6 /* Base */ = {isa = PBXFileReference; lastKnownFileType = file.storyboard; name = Base; path = Base.lproj/MainInterface.storyboard; sourceTree = "<group>"; };
		43E7F1DC1D10A10A0052AFF6 /* Info.plist */ = {isa = PBXFileReference; lastKnownFileType = text.plist.xml; path = Info.plist; sourceTree = "<group>"; };
		43F03CA31CAE047D005E5D4E /* ShowDetailViewController.swift */ = {isa = PBXFileReference; fileEncoding = 4; lastKnownFileType = sourcecode.swift; path = ShowDetailViewController.swift; sourceTree = "<group>"; };
		43FF27BE1CE6D60000D7226B /* Images.xcassets */ = {isa = PBXFileReference; lastKnownFileType = folder.assetcatalog; path = Images.xcassets; sourceTree = "<group>"; };
		45B965A454596E0FC32CA836 /* Pods-todaySchedule.release.xcconfig */ = {isa = PBXFileReference; includeInIndex = 1; lastKnownFileType = text.xcconfig; name = "Pods-todaySchedule.release.xcconfig"; path = "Pods/Target Support Files/Pods-todaySchedule/Pods-todaySchedule.release.xcconfig"; sourceTree = "<group>"; };
		526DEE2BF622F6EEFAF1B404 /* Pods-player.debug.xcconfig */ = {isa = PBXFileReference; includeInIndex = 1; lastKnownFileType = text.xcconfig; name = "Pods-player.debug.xcconfig"; path = "Pods/Target Support Files/Pods-player/Pods-player.debug.xcconfig"; sourceTree = "<group>"; };
		534E37A56C1C564EF5A0BC81 /* Pods_todaySchedule.framework */ = {isa = PBXFileReference; explicitFileType = wrapper.framework; includeInIndex = 0; path = Pods_todaySchedule.framework; sourceTree = BUILT_PRODUCTS_DIR; };
		AA61892F09ACB97FF17EEA6F /* Pods-todaySchedule.debug.xcconfig */ = {isa = PBXFileReference; includeInIndex = 1; lastKnownFileType = text.xcconfig; name = "Pods-todaySchedule.debug.xcconfig"; path = "Pods/Target Support Files/Pods-todaySchedule/Pods-todaySchedule.debug.xcconfig"; sourceTree = "<group>"; };
		F3888216FE7737B84F2F6628 /* Pods_player.framework */ = {isa = PBXFileReference; explicitFileType = wrapper.framework; includeInIndex = 0; path = Pods_player.framework; sourceTree = BUILT_PRODUCTS_DIR; };
/* End PBXFileReference section */

/* Begin PBXFrameworksBuildPhase section */
		430E3ECF1C488B7200476F48 /* Frameworks */ = {
			isa = PBXFrameworksBuildPhase;
			buildActionMask = 2147483647;
			files = (
				432C6B921D19A5BD0077531E /* SystemConfiguration.framework in Frameworks */,
				432C6B901D19A5B50077531E /* AVFoundation.framework in Frameworks */,
				4392A1641D68ED5F009C69AF /* StoreKit.framework in Frameworks */,
				43CAC3F91D40E78C00A5BA1B /* Spotify.framework in Frameworks */,
				4CF6D33D36FA007D199BA1FB /* Pods_player.framework in Frameworks */,
			);
			runOnlyForDeploymentPostprocessing = 0;
		};
		430E3EE51C488B7200476F48 /* Frameworks */ = {
			isa = PBXFrameworksBuildPhase;
			buildActionMask = 2147483647;
			files = (
				432DD3891D48D4E200483911 /* Spotify.framework in Frameworks */,
			);
			runOnlyForDeploymentPostprocessing = 0;
		};
		430E3EF01C488B7200476F48 /* Frameworks */ = {
			isa = PBXFrameworksBuildPhase;
			buildActionMask = 2147483647;
			files = (
			);
			runOnlyForDeploymentPostprocessing = 0;
		};
		43E7F1D01D10A10A0052AFF6 /* Frameworks */ = {
			isa = PBXFrameworksBuildPhase;
			buildActionMask = 2147483647;
			files = (
				439EB4D71D15954E00739134 /* NotificationCenter.framework in Frameworks */,
				23D776A0C6237C47819AEF6C /* Pods_todaySchedule.framework in Frameworks */,
			);
			runOnlyForDeploymentPostprocessing = 0;
		};
/* End PBXFrameworksBuildPhase section */

/* Begin PBXGroup section */
		430E3EC91C488B7200476F48 = {
			isa = PBXGroup;
			children = (
				430E3ED41C488B7200476F48 /* player */,
				430E3EEB1C488B7200476F48 /* playerTests */,
				430E3EF61C488B7200476F48 /* playerUITests */,
				43E7F1D61D10A10A0052AFF6 /* todaySchedule */,
				430E3ED31C488B7200476F48 /* Products */,
				4ADDA6D75A4D8B4E23799FB0 /* Frameworks */,
				CAAB5C6D0D6DEF0130DE8E6D /* Pods */,
			);
			sourceTree = "<group>";
		};
		430E3ED31C488B7200476F48 /* Products */ = {
			isa = PBXGroup;
			children = (
				430E3ED21C488B7200476F48 /* player.app */,
				430E3EE81C488B7200476F48 /* playerTests.xctest */,
				430E3EF31C488B7200476F48 /* playerUITests.xctest */,
				43E7F1D31D10A10A0052AFF6 /* todaySchedule.appex */,
			);
			name = Products;
			sourceTree = "<group>";
		};
		430E3ED41C488B7200476F48 /* player */ = {
			isa = PBXGroup;
			children = (
				435D97B01D15CBD600098168 /* player.entitlements */,
				430E3ED51C488B7200476F48 /* AppDelegate.swift */,
				430E3EE31C488B7200476F48 /* Info.plist */,
				4392061B1CE58083009C3BFF /* Main.storyboard */,
				4393E69E1CA62B9A000B2D6F /* settings */,
				43C94BD21CBB613A007D8797 /* dj */,
				43CD432F1CA5C5AC0031B20A /* schedule */,
				43207AA11C4C3F5700DE6C62 /* recent */,
				430E3F141C488F1000476F48 /* favorites */,
				430E3F0C1C488ECD00476F48 /* radio */,
				4363355A1D21CBFD00CBACBC /* SongSearchService */,
				430E3F051C488C4E00476F48 /* lib */,
				430E3F1B1C495A8100476F48 /* share */,
			);
			path = player;
			sourceTree = "<group>";
		};
		430E3EEB1C488B7200476F48 /* playerTests */ = {
			isa = PBXGroup;
			children = (
				4362261E1D3C5C3800F689B6 /* SongSearchServiceTests.swift */,
				430E3EEC1C488B7200476F48 /* playerTests.swift */,
				430E3EEE1C488B7200476F48 /* Info.plist */,
			);
			path = playerTests;
			sourceTree = "<group>";
		};
		430E3EF61C488B7200476F48 /* playerUITests */ = {
			isa = PBXGroup;
			children = (
				430E3EF71C488B7200476F48 /* playerUITests.swift */,
				430E3EF91C488B7200476F48 /* Info.plist */,
			);
			path = playerUITests;
			sourceTree = "<group>";
		};
		430E3F051C488C4E00476F48 /* lib */ = {
			isa = PBXGroup;
			children = (
				439EB4D81D1596A100739134 /* fetch.swift */,
				433987751CE682AA00F01E29 /* UIColor+helpers.swift */,
				433987741CE681D300F01E29 /* RadialMenu */,
				43C94BCB1CBB1F81007D8797 /* readback */,
				430E3F061C488C5C00476F48 /* Colors.swift */,
				43207AA21C502FC600DE6C62 /* delay.swift */,
				430B85E41CA8981C0047A944 /* LightStatusBarNavigationController.swift */,
				4393E69A1CA5DE75000B2D6F /* SwiftyJSONDateTime.swift */,
			);
			name = lib;
			sourceTree = "<group>";
		};
		430E3F0C1C488ECD00476F48 /* radio */ = {
			isa = PBXGroup;
			children = (
				430E3F081C488EC900476F48 /* RadioViewController.swift */,
				433987771CE6852300F01E29 /* RadioVCRadialMenu.swift */,
				430E3F091C488EC900476F48 /* WCBNRadioBrain.swift */,
				430B85E61CA8ED200047A944 /* WCBNStream.swift */,
			);
			name = radio;
			sourceTree = "<group>";
		};
		430E3F141C488F1000476F48 /* favorites */ = {
			isa = PBXGroup;
			children = (
				43B70CCC1CAB1F1500C50170 /* FavouriteSong.swift */,
				430E3F101C488F0900476F48 /* FavouritesTableViewController.swift */,
				430E3F111C488F0900476F48 /* FavouriteTableViewCell.swift */,
				43AB82461CAC8A76003A5CC4 /* InstructionsTableViewCell.swift */,
				43357FEB1C4B5E4C0085EA57 /* Favourites.swift */,
			);
			name = favorites;
			sourceTree = "<group>";
		};
		430E3F1B1C495A8100476F48 /* share */ = {
			isa = PBXGroup;
			children = (
				43FF27BE1CE6D60000D7226B /* Images.xcassets */,
				430E3F1C1C495ABE00476F48 /* Lato-Black.ttf */,
				43207A9B1C4C3AEB00DE6C62 /* Lato-Italic.ttf */,
				43207A9C1C4C3AEB00DE6C62 /* Lato-Regular.ttf */,
				430E3F1D1C495ABE00476F48 /* Lato-Bold.ttf */,
				4392061D1CE580B4009C3BFF /* LaunchScreen.storyboard */,
			);
			name = share;
			sourceTree = "<group>";
		};
		43207AA11C4C3F5700DE6C62 /* recent */ = {
			isa = PBXGroup;
			children = (
				43207A9F1C4C3F5200DE6C62 /* PlaylistTableViewController.swift */,
				4393E6981CA5D3B7000B2D6F /* PlaylistTableViewCell.swift */,
				438106741CA83230009547CD /* ShowNotesTableViewCell.swift */,
			);
			name = recent;
			sourceTree = "<group>";
		};
		433987741CE681D300F01E29 /* RadialMenu */ = {
			isa = PBXGroup;
			children = (
				4339876E1CE681CF00F01E29 /* CircleHelpers.swift */,
				4339876F1CE681CF00F01E29 /* RadialMenu.swift */,
				433987701CE681CF00F01E29 /* RadialSubMenu.swift */,
			);
			name = RadialMenu;
			sourceTree = "<group>";
		};
		435B71F01CAF719E00D4880B /* semester */ = {
			isa = PBXGroup;
			children = (
				43CD432D1CA5C5A60031B20A /* ScheduleTableViewController.swift */,
				438106761CA832B6009547CD /* ScheduleTableViewCell.swift */,
			);
			name = semester;
			sourceTree = "<group>";
		};
		435B71F31CAF71C800D4880B /* show */ = {
			isa = PBXGroup;
			children = (
				435B71F41CAF853700D4880B /* DJCollectionViewCell.swift */,
				43F03CA31CAE047D005E5D4E /* ShowDetailViewController.swift */,
				43C94BCE1CBB40BD007D8797 /* RecentEpisodeTableViewCell.swift */,
			);
			name = show;
			sourceTree = "<group>";
		};
		4363355A1D21CBFD00CBACBC /* SongSearchService */ = {
			isa = PBXGroup;
			children = (
				436335581D21CBF900CBACBC /* SongSearchService.swift */,
				4363355B1D21CE6500CBACBC /* iTunesService.swift */,
				43BBC9121D3C6E2F00A70F37 /* SpotifyService.swift */,
			);
			name = SongSearchService;
			sourceTree = "<group>";
		};
		4393E69E1CA62B9A000B2D6F /* settings */ = {
			isa = PBXGroup;
			children = (
				4393E69C1CA62B8D000B2D6F /* SettingsTableViewController.swift */,
				4392A1651D68F2A2009C69AF /* TipJarTableViewController.swift */,
				430B85E21CA8939A0047A944 /* SettingsActions.swift */,
			);
			name = settings;
			sourceTree = "<group>";
		};
		43C94BCB1CBB1F81007D8797 /* readback */ = {
			isa = PBXGroup;
			children = (
				43C94BC71CBB1F1B007D8797 /* Show.swift */,
				4314F7661CE110D20045EB46 /* DJ.swift */,
				43C94BC91CBB1F53007D8797 /* Song.swift */,
				43C94BCC1CBB1FA4007D8797 /* Episode.swift */,
			);
			name = readback;
			sourceTree = "<group>";
		};
		43C94BD21CBB613A007D8797 /* dj */ = {
			isa = PBXGroup;
			children = (
				43C94BD01CBB6131007D8797 /* DJViewController.swift */,
			);
			name = dj;
			sourceTree = "<group>";
		};
		43CD432F1CA5C5AC0031B20A /* schedule */ = {
			isa = PBXGroup;
			children = (
				435B71F31CAF71C800D4880B /* show */,
				435B71F01CAF719E00D4880B /* semester */,
			);
			name = schedule;
			sourceTree = "<group>";
		};
		43E7F1D61D10A10A0052AFF6 /* todaySchedule */ = {
			isa = PBXGroup;
			children = (
				435D97AF1D15CBD000098168 /* todaySchedule.entitlements */,
				43E7F1D71D10A10A0052AFF6 /* TodayViewController.swift */,
				43E7F1D91D10A10A0052AFF6 /* MainInterface.storyboard */,
				43E7F1DC1D10A10A0052AFF6 /* Info.plist */,
			);
			path = todaySchedule;
			sourceTree = "<group>";
		};
		4ADDA6D75A4D8B4E23799FB0 /* Frameworks */ = {
			isa = PBXGroup;
			children = (
				4392A1631D68ED5F009C69AF /* StoreKit.framework */,
				43CAC3FA1D40E7B400A5BA1B /* player-Bridging-Header.h */,
				43CAC3F81D40E78C00A5BA1B /* Spotify.framework */,
				432C6B911D19A5BD0077531E /* SystemConfiguration.framework */,
				432C6B8F1D19A5B50077531E /* AVFoundation.framework */,
				439EB4D31D15951400739134 /* SwiftyJSON.framework */,
				43E7F1D41D10A10A0052AFF6 /* NotificationCenter.framework */,
				F3888216FE7737B84F2F6628 /* Pods_player.framework */,
				534E37A56C1C564EF5A0BC81 /* Pods_todaySchedule.framework */,
			);
			name = Frameworks;
			sourceTree = "<group>";
		};
		CAAB5C6D0D6DEF0130DE8E6D /* Pods */ = {
			isa = PBXGroup;
			children = (
				526DEE2BF622F6EEFAF1B404 /* Pods-player.debug.xcconfig */,
				05ECA1C66EB1117EAF4F60C8 /* Pods-player.release.xcconfig */,
				AA61892F09ACB97FF17EEA6F /* Pods-todaySchedule.debug.xcconfig */,
				45B965A454596E0FC32CA836 /* Pods-todaySchedule.release.xcconfig */,
			);
			name = Pods;
			sourceTree = "<group>";
		};
/* End PBXGroup section */

/* Begin PBXNativeTarget section */
		430E3ED11C488B7200476F48 /* player */ = {
			isa = PBXNativeTarget;
			buildConfigurationList = 430E3EFC1C488B7200476F48 /* Build configuration list for PBXNativeTarget "player" */;
			buildPhases = (
				2AB3194A18357B625E6E37E3 /* [CP] Check Pods Manifest.lock */,
				430E3ECE1C488B7200476F48 /* Sources */,
				430E3ECF1C488B7200476F48 /* Frameworks */,
				430E3ED01C488B7200476F48 /* Resources */,
				43E7F1E31D10A10A0052AFF6 /* Embed App Extensions */,
				BEC7C30ECA3AA63E228E0845 /* [CP] Embed Pods Frameworks */,
				896F52F3C58C55B1CF5C4C1A /* [CP] Copy Pods Resources */,
			);
			buildRules = (
			);
			dependencies = (
				43E7F1DE1D10A10A0052AFF6 /* PBXTargetDependency */,
			);
			name = player;
			productName = player;
			productReference = 430E3ED21C488B7200476F48 /* player.app */;
			productType = "com.apple.product-type.application";
		};
		430E3EE71C488B7200476F48 /* playerTests */ = {
			isa = PBXNativeTarget;
			buildConfigurationList = 430E3EFF1C488B7200476F48 /* Build configuration list for PBXNativeTarget "playerTests" */;
			buildPhases = (
				BA68E5DBA92234FC52441A26 /* [CP] Check Pods Manifest.lock */,
				430E3EE41C488B7200476F48 /* Sources */,
				430E3EE51C488B7200476F48 /* Frameworks */,
				430E3EE61C488B7200476F48 /* Resources */,
				91572611778B5E5E259EDB3F /* [CP] Embed Pods Frameworks */,
				1393B2EE88C03E97703AD804 /* [CP] Copy Pods Resources */,
			);
			buildRules = (
			);
			dependencies = (
				430E3EEA1C488B7200476F48 /* PBXTargetDependency */,
			);
			name = playerTests;
			productName = playerTests;
			productReference = 430E3EE81C488B7200476F48 /* playerTests.xctest */;
			productType = "com.apple.product-type.bundle.unit-test";
		};
		430E3EF21C488B7200476F48 /* playerUITests */ = {
			isa = PBXNativeTarget;
			buildConfigurationList = 430E3F021C488B7200476F48 /* Build configuration list for PBXNativeTarget "playerUITests" */;
			buildPhases = (
				6F432FA1C80120A24242B58F /* [CP] Check Pods Manifest.lock */,
				430E3EEF1C488B7200476F48 /* Sources */,
				430E3EF01C488B7200476F48 /* Frameworks */,
				430E3EF11C488B7200476F48 /* Resources */,
				68D5F7F7647896D2FF0FA351 /* [CP] Copy Pods Resources */,
			);
			buildRules = (
			);
			dependencies = (
				430E3EF51C488B7200476F48 /* PBXTargetDependency */,
			);
			name = playerUITests;
			productName = playerUITests;
			productReference = 430E3EF31C488B7200476F48 /* playerUITests.xctest */;
			productType = "com.apple.product-type.bundle.ui-testing";
		};
		43E7F1D21D10A10A0052AFF6 /* todaySchedule */ = {
			isa = PBXNativeTarget;
			buildConfigurationList = 43E7F1E21D10A10A0052AFF6 /* Build configuration list for PBXNativeTarget "todaySchedule" */;
			buildPhases = (
				FA15FFD16144D0FB6038D575 /* [CP] Check Pods Manifest.lock */,
				43E7F1CF1D10A10A0052AFF6 /* Sources */,
				43E7F1D01D10A10A0052AFF6 /* Frameworks */,
				43E7F1D11D10A10A0052AFF6 /* Resources */,
				641A495A9BBB709F4FDB6C90 /* [CP] Copy Pods Resources */,
			);
			buildRules = (
			);
			dependencies = (
			);
			name = todaySchedule;
			productName = todaySchedule;
			productReference = 43E7F1D31D10A10A0052AFF6 /* todaySchedule.appex */;
			productType = "com.apple.product-type.app-extension";
		};
/* End PBXNativeTarget section */

/* Begin PBXProject section */
		430E3ECA1C488B7200476F48 /* Project object */ = {
			isa = PBXProject;
			attributes = {
				LastSwiftUpdateCheck = 0730;
				LastUpgradeCheck = 0720;
				ORGANIZATIONNAME = "Cameron Bothner";
				TargetAttributes = {
					430E3ED11C488B7200476F48 = {
						CreatedOnToolsVersion = 7.2;
						DevelopmentTeam = Z9F779QJXA;
						SystemCapabilities = {
							com.apple.ApplicationGroups.iOS = {
								enabled = 1;
							};
							com.apple.InAppPurchase = {
								enabled = 1;
							};
						};
					};
					430E3EE71C488B7200476F48 = {
						CreatedOnToolsVersion = 7.2;
						TestTargetID = 430E3ED11C488B7200476F48;
					};
					430E3EF21C488B7200476F48 = {
						CreatedOnToolsVersion = 7.2;
						TestTargetID = 430E3ED11C488B7200476F48;
					};
					43E7F1D21D10A10A0052AFF6 = {
						CreatedOnToolsVersion = 7.3.1;
						DevelopmentTeam = Z9F779QJXA;
						SystemCapabilities = {
							com.apple.ApplicationGroups.iOS = {
								enabled = 1;
							};
						};
					};
				};
			};
			buildConfigurationList = 430E3ECD1C488B7200476F48 /* Build configuration list for PBXProject "player" */;
			compatibilityVersion = "Xcode 6.3";
			developmentRegion = English;
			hasScannedForEncodings = 0;
			knownRegions = (
				en,
				Base,
			);
			mainGroup = 430E3EC91C488B7200476F48;
			productRefGroup = 430E3ED31C488B7200476F48 /* Products */;
			projectDirPath = "";
			projectRoot = "";
			targets = (
				430E3ED11C488B7200476F48 /* player */,
				430E3EE71C488B7200476F48 /* playerTests */,
				430E3EF21C488B7200476F48 /* playerUITests */,
				43E7F1D21D10A10A0052AFF6 /* todaySchedule */,
			);
		};
/* End PBXProject section */

/* Begin PBXResourcesBuildPhase section */
		430E3ED01C488B7200476F48 /* Resources */ = {
			isa = PBXResourcesBuildPhase;
			buildActionMask = 2147483647;
			files = (
				4392061C1CE58083009C3BFF /* Main.storyboard in Resources */,
				430E3F201C495ABE00476F48 /* Lato-Black.ttf in Resources */,
				43FF27BF1CE6D60000D7226B /* Images.xcassets in Resources */,
				430E3F211C495ABE00476F48 /* Lato-Bold.ttf in Resources */,
				4392061E1CE580B4009C3BFF /* LaunchScreen.storyboard in Resources */,
				43207A9E1C4C3AEB00DE6C62 /* Lato-Regular.ttf in Resources */,
				43207A9D1C4C3AEB00DE6C62 /* Lato-Italic.ttf in Resources */,
			);
			runOnlyForDeploymentPostprocessing = 0;
		};
		430E3EE61C488B7200476F48 /* Resources */ = {
			isa = PBXResourcesBuildPhase;
			buildActionMask = 2147483647;
			files = (
			);
			runOnlyForDeploymentPostprocessing = 0;
		};
		430E3EF11C488B7200476F48 /* Resources */ = {
			isa = PBXResourcesBuildPhase;
			buildActionMask = 2147483647;
			files = (
			);
			runOnlyForDeploymentPostprocessing = 0;
		};
		43E7F1D11D10A10A0052AFF6 /* Resources */ = {
			isa = PBXResourcesBuildPhase;
			buildActionMask = 2147483647;
			files = (
				43E7F1E41D10A2410052AFF6 /* Lato-Black.ttf in Resources */,
				43E7F1E51D10A2410052AFF6 /* Lato-Italic.ttf in Resources */,
				43E7F1DB1D10A10A0052AFF6 /* MainInterface.storyboard in Resources */,
				43E7F1E61D10A2410052AFF6 /* Lato-Regular.ttf in Resources */,
			);
			runOnlyForDeploymentPostprocessing = 0;
		};
/* End PBXResourcesBuildPhase section */

/* Begin PBXShellScriptBuildPhase section */
		1393B2EE88C03E97703AD804 /* [CP] Copy Pods Resources */ = {
			isa = PBXShellScriptBuildPhase;
			buildActionMask = 2147483647;
			files = (
			);
			inputPaths = (
			);
			name = "[CP] Copy Pods Resources";
			outputPaths = (
			);
			runOnlyForDeploymentPostprocessing = 0;
			shellPath = /bin/sh;
			shellScript = "\"${SRCROOT}/Pods/Target Support Files/Pods-playerTests/Pods-playerTests-resources.sh\"\n";
			showEnvVarsInLog = 0;
		};
		2AB3194A18357B625E6E37E3 /* [CP] Check Pods Manifest.lock */ = {
			isa = PBXShellScriptBuildPhase;
			buildActionMask = 2147483647;
			files = (
			);
			inputPaths = (
			);
			name = "[CP] Check Pods Manifest.lock";
			outputPaths = (
			);
			runOnlyForDeploymentPostprocessing = 0;
			shellPath = /bin/sh;
			shellScript = "diff \"${PODS_ROOT}/../Podfile.lock\" \"${PODS_ROOT}/Manifest.lock\" > /dev/null\nif [[ $? != 0 ]] ; then\n    cat << EOM\nerror: The sandbox is not in sync with the Podfile.lock. Run 'pod install' or update your CocoaPods installation.\nEOM\n    exit 1\nfi\n";
			showEnvVarsInLog = 0;
		};
		641A495A9BBB709F4FDB6C90 /* [CP] Copy Pods Resources */ = {
			isa = PBXShellScriptBuildPhase;
			buildActionMask = 2147483647;
			files = (
			);
			inputPaths = (
			);
			name = "[CP] Copy Pods Resources";
			outputPaths = (
			);
			runOnlyForDeploymentPostprocessing = 0;
			shellPath = /bin/sh;
			shellScript = "\"${SRCROOT}/Pods/Target Support Files/Pods-todaySchedule/Pods-todaySchedule-resources.sh\"\n";
			showEnvVarsInLog = 0;
		};
		68D5F7F7647896D2FF0FA351 /* [CP] Copy Pods Resources */ = {
			isa = PBXShellScriptBuildPhase;
			buildActionMask = 2147483647;
			files = (
			);
			inputPaths = (
			);
			name = "[CP] Copy Pods Resources";
			outputPaths = (
			);
			runOnlyForDeploymentPostprocessing = 0;
			shellPath = /bin/sh;
			shellScript = "\"${SRCROOT}/Pods/Target Support Files/Pods-playerUITests/Pods-playerUITests-resources.sh\"\n";
			showEnvVarsInLog = 0;
		};
		6F432FA1C80120A24242B58F /* [CP] Check Pods Manifest.lock */ = {
			isa = PBXShellScriptBuildPhase;
			buildActionMask = 2147483647;
			files = (
			);
			inputPaths = (
			);
			name = "[CP] Check Pods Manifest.lock";
			outputPaths = (
			);
			runOnlyForDeploymentPostprocessing = 0;
			shellPath = /bin/sh;
			shellScript = "diff \"${PODS_ROOT}/../Podfile.lock\" \"${PODS_ROOT}/Manifest.lock\" > /dev/null\nif [[ $? != 0 ]] ; then\n    cat << EOM\nerror: The sandbox is not in sync with the Podfile.lock. Run 'pod install' or update your CocoaPods installation.\nEOM\n    exit 1\nfi\n";
			showEnvVarsInLog = 0;
		};
		896F52F3C58C55B1CF5C4C1A /* [CP] Copy Pods Resources */ = {
			isa = PBXShellScriptBuildPhase;
			buildActionMask = 2147483647;
			files = (
			);
			inputPaths = (
			);
			name = "[CP] Copy Pods Resources";
			outputPaths = (
			);
			runOnlyForDeploymentPostprocessing = 0;
			shellPath = /bin/sh;
			shellScript = "\"${SRCROOT}/Pods/Target Support Files/Pods-player/Pods-player-resources.sh\"\n";
			showEnvVarsInLog = 0;
		};
		91572611778B5E5E259EDB3F /* [CP] Embed Pods Frameworks */ = {
			isa = PBXShellScriptBuildPhase;
			buildActionMask = 2147483647;
			files = (
			);
			inputPaths = (
			);
			name = "[CP] Embed Pods Frameworks";
			outputPaths = (
			);
			runOnlyForDeploymentPostprocessing = 0;
			shellPath = /bin/sh;
			shellScript = "\"${SRCROOT}/Pods/Target Support Files/Pods-playerTests/Pods-playerTests-frameworks.sh\"\n";
			showEnvVarsInLog = 0;
		};
		BA68E5DBA92234FC52441A26 /* [CP] Check Pods Manifest.lock */ = {
			isa = PBXShellScriptBuildPhase;
			buildActionMask = 2147483647;
			files = (
			);
			inputPaths = (
			);
			name = "[CP] Check Pods Manifest.lock";
			outputPaths = (
			);
			runOnlyForDeploymentPostprocessing = 0;
			shellPath = /bin/sh;
			shellScript = "diff \"${PODS_ROOT}/../Podfile.lock\" \"${PODS_ROOT}/Manifest.lock\" > /dev/null\nif [[ $? != 0 ]] ; then\n    cat << EOM\nerror: The sandbox is not in sync with the Podfile.lock. Run 'pod install' or update your CocoaPods installation.\nEOM\n    exit 1\nfi\n";
			showEnvVarsInLog = 0;
		};
		BEC7C30ECA3AA63E228E0845 /* [CP] Embed Pods Frameworks */ = {
			isa = PBXShellScriptBuildPhase;
			buildActionMask = 2147483647;
			files = (
			);
			inputPaths = (
			);
			name = "[CP] Embed Pods Frameworks";
			outputPaths = (
			);
			runOnlyForDeploymentPostprocessing = 0;
			shellPath = /bin/sh;
			shellScript = "\"${SRCROOT}/Pods/Target Support Files/Pods-player/Pods-player-frameworks.sh\"\n";
			showEnvVarsInLog = 0;
		};
		FA15FFD16144D0FB6038D575 /* [CP] Check Pods Manifest.lock */ = {
			isa = PBXShellScriptBuildPhase;
			buildActionMask = 2147483647;
			files = (
			);
			inputPaths = (
			);
			name = "[CP] Check Pods Manifest.lock";
			outputPaths = (
			);
			runOnlyForDeploymentPostprocessing = 0;
			shellPath = /bin/sh;
			shellScript = "diff \"${PODS_ROOT}/../Podfile.lock\" \"${PODS_ROOT}/Manifest.lock\" > /dev/null\nif [[ $? != 0 ]] ; then\n    cat << EOM\nerror: The sandbox is not in sync with the Podfile.lock. Run 'pod install' or update your CocoaPods installation.\nEOM\n    exit 1\nfi\n";
			showEnvVarsInLog = 0;
		};
/* End PBXShellScriptBuildPhase section */

/* Begin PBXSourcesBuildPhase section */
		430E3ECE1C488B7200476F48 /* Sources */ = {
			isa = PBXSourcesBuildPhase;
			buildActionMask = 2147483647;
			files = (
				430B85E31CA8939A0047A944 /* SettingsActions.swift in Sources */,
				430B85E71CA8ED200047A944 /* WCBNStream.swift in Sources */,
				430B85E51CA8981C0047A944 /* LightStatusBarNavigationController.swift in Sources */,
				43CD432E1CA5C5A60031B20A /* ScheduleTableViewController.swift in Sources */,
				43BBC9131D3C6E2F00A70F37 /* SpotifyService.swift in Sources */,
				4393E69B1CA5DE75000B2D6F /* SwiftyJSONDateTime.swift in Sources */,
				43C94BCF1CBB40BD007D8797 /* RecentEpisodeTableViewCell.swift in Sources */,
				4393E6991CA5D3B7000B2D6F /* PlaylistTableViewCell.swift in Sources */,
				43C94BC81CBB1F1B007D8797 /* Show.swift in Sources */,
				43C94BCD1CBB1FA4007D8797 /* Episode.swift in Sources */,
				43B70CCD1CAB1F1500C50170 /* FavouriteSong.swift in Sources */,
				43C94BD11CBB6131007D8797 /* DJViewController.swift in Sources */,
				433987761CE682AA00F01E29 /* UIColor+helpers.swift in Sources */,
				433987721CE681CF00F01E29 /* RadialMenu.swift in Sources */,
				438106751CA83230009547CD /* ShowNotesTableViewCell.swift in Sources */,
				439EB4D91D1596A100739134 /* fetch.swift in Sources */,
				43207AA01C4C3F5200DE6C62 /* PlaylistTableViewController.swift in Sources */,
				4392A1661D68F2A2009C69AF /* TipJarTableViewController.swift in Sources */,
				4314F7671CE110D20045EB46 /* DJ.swift in Sources */,
				43F03CA41CAE047D005E5D4E /* ShowDetailViewController.swift in Sources */,
				433987711CE681CF00F01E29 /* CircleHelpers.swift in Sources */,
				430E3F0B1C488EC900476F48 /* WCBNRadioBrain.swift in Sources */,
				430E3F131C488F0900476F48 /* FavouriteTableViewCell.swift in Sources */,
				43AB82471CAC8A76003A5CC4 /* InstructionsTableViewCell.swift in Sources */,
				4363355C1D21CE6500CBACBC /* iTunesService.swift in Sources */,
				430E3F121C488F0900476F48 /* FavouritesTableViewController.swift in Sources */,
				43207AA31C502FC600DE6C62 /* delay.swift in Sources */,
				438106771CA832B6009547CD /* ScheduleTableViewCell.swift in Sources */,
				430E3F071C488C5C00476F48 /* Colors.swift in Sources */,
				43C94BCA1CBB1F53007D8797 /* Song.swift in Sources */,
				433987781CE6852300F01E29 /* RadioVCRadialMenu.swift in Sources */,
				435B71F51CAF853700D4880B /* DJCollectionViewCell.swift in Sources */,
				4393E69D1CA62B8D000B2D6F /* SettingsTableViewController.swift in Sources */,
				430E3ED61C488B7200476F48 /* AppDelegate.swift in Sources */,
				430E3F0A1C488EC900476F48 /* RadioViewController.swift in Sources */,
				43357FEC1C4B5E4C0085EA57 /* Favourites.swift in Sources */,
				436335591D21CBF900CBACBC /* SongSearchService.swift in Sources */,
				433987731CE681CF00F01E29 /* RadialSubMenu.swift in Sources */,
			);
			runOnlyForDeploymentPostprocessing = 0;
		};
		430E3EE41C488B7200476F48 /* Sources */ = {
			isa = PBXSourcesBuildPhase;
			buildActionMask = 2147483647;
			files = (
				436226221D3C5E1100F689B6 /* fetch.swift in Sources */,
				436226211D3C5D5200F689B6 /* Song.swift in Sources */,
				436226231D3C5E1500F689B6 /* SongSearchService.swift in Sources */,
				436226201D3C5C8500F689B6 /* iTunesService.swift in Sources */,
				4362261F1D3C5C3800F689B6 /* SongSearchServiceTests.swift in Sources */,
				430E3EED1C488B7200476F48 /* playerTests.swift in Sources */,
			);
			runOnlyForDeploymentPostprocessing = 0;
		};
		430E3EEF1C488B7200476F48 /* Sources */ = {
			isa = PBXSourcesBuildPhase;
			buildActionMask = 2147483647;
			files = (
				430E3EF81C488B7200476F48 /* playerUITests.swift in Sources */,
			);
			runOnlyForDeploymentPostprocessing = 0;
		};
		43E7F1CF1D10A10A0052AFF6 /* Sources */ = {
			isa = PBXSourcesBuildPhase;
			buildActionMask = 2147483647;
			files = (
				43E7F1D81D10A10A0052AFF6 /* TodayViewController.swift in Sources */,
				439EB4DA1D1596A100739134 /* fetch.swift in Sources */,
				439EB4DB1D15A16F00739134 /* SwiftyJSONDateTime.swift in Sources */,
			);
			runOnlyForDeploymentPostprocessing = 0;
		};
/* End PBXSourcesBuildPhase section */

/* Begin PBXTargetDependency section */
		430E3EEA1C488B7200476F48 /* PBXTargetDependency */ = {
			isa = PBXTargetDependency;
			target = 430E3ED11C488B7200476F48 /* player */;
			targetProxy = 430E3EE91C488B7200476F48 /* PBXContainerItemProxy */;
		};
		430E3EF51C488B7200476F48 /* PBXTargetDependency */ = {
			isa = PBXTargetDependency;
			target = 430E3ED11C488B7200476F48 /* player */;
			targetProxy = 430E3EF41C488B7200476F48 /* PBXContainerItemProxy */;
		};
		43E7F1DE1D10A10A0052AFF6 /* PBXTargetDependency */ = {
			isa = PBXTargetDependency;
			target = 43E7F1D21D10A10A0052AFF6 /* todaySchedule */;
			targetProxy = 43E7F1DD1D10A10A0052AFF6 /* PBXContainerItemProxy */;
		};
/* End PBXTargetDependency section */

/* Begin PBXVariantGroup section */
		43E7F1D91D10A10A0052AFF6 /* MainInterface.storyboard */ = {
			isa = PBXVariantGroup;
			children = (
				43E7F1DA1D10A10A0052AFF6 /* Base */,
			);
			name = MainInterface.storyboard;
			sourceTree = "<group>";
		};
/* End PBXVariantGroup section */

/* Begin XCBuildConfiguration section */
		430E3EFA1C488B7200476F48 /* Debug */ = {
			isa = XCBuildConfiguration;
			buildSettings = {
				ALWAYS_SEARCH_USER_PATHS = NO;
				CLANG_CXX_LANGUAGE_STANDARD = "gnu++0x";
				CLANG_CXX_LIBRARY = "libc++";
				CLANG_ENABLE_MODULES = YES;
				CLANG_ENABLE_OBJC_ARC = YES;
				CLANG_WARN_BOOL_CONVERSION = YES;
				CLANG_WARN_CONSTANT_CONVERSION = YES;
				CLANG_WARN_DIRECT_OBJC_ISA_USAGE = YES_ERROR;
				CLANG_WARN_EMPTY_BODY = YES;
				CLANG_WARN_ENUM_CONVERSION = YES;
				CLANG_WARN_INT_CONVERSION = YES;
				CLANG_WARN_OBJC_ROOT_CLASS = YES_ERROR;
				CLANG_WARN_UNREACHABLE_CODE = YES;
				CLANG_WARN__DUPLICATE_METHOD_MATCH = YES;
				"CODE_SIGN_IDENTITY[sdk=iphoneos*]" = "iPhone Developer";
				COPY_PHASE_STRIP = NO;
				DEBUG_INFORMATION_FORMAT = dwarf;
				ENABLE_STRICT_OBJC_MSGSEND = YES;
				ENABLE_TESTABILITY = YES;
				GCC_C_LANGUAGE_STANDARD = gnu99;
				GCC_DYNAMIC_NO_PIC = NO;
				GCC_NO_COMMON_BLOCKS = YES;
				GCC_OPTIMIZATION_LEVEL = 0;
				GCC_PREPROCESSOR_DEFINITIONS = (
					"DEBUG=1",
					"$(inherited)",
				);
				GCC_WARN_64_TO_32_BIT_CONVERSION = YES;
				GCC_WARN_ABOUT_RETURN_TYPE = YES_ERROR;
				GCC_WARN_UNDECLARED_SELECTOR = YES;
				GCC_WARN_UNINITIALIZED_AUTOS = YES_AGGRESSIVE;
				GCC_WARN_UNUSED_FUNCTION = YES;
				GCC_WARN_UNUSED_VARIABLE = YES;
				IPHONEOS_DEPLOYMENT_TARGET = 9.2;
				MTL_ENABLE_DEBUG_INFO = YES;
				ONLY_ACTIVE_ARCH = YES;
				SDKROOT = iphoneos;
				SWIFT_OPTIMIZATION_LEVEL = "-Onone";
				TARGETED_DEVICE_FAMILY = "1,2";
			};
			name = Debug;
		};
		430E3EFB1C488B7200476F48 /* Release */ = {
			isa = XCBuildConfiguration;
			buildSettings = {
				ALWAYS_SEARCH_USER_PATHS = NO;
				CLANG_CXX_LANGUAGE_STANDARD = "gnu++0x";
				CLANG_CXX_LIBRARY = "libc++";
				CLANG_ENABLE_MODULES = YES;
				CLANG_ENABLE_OBJC_ARC = YES;
				CLANG_WARN_BOOL_CONVERSION = YES;
				CLANG_WARN_CONSTANT_CONVERSION = YES;
				CLANG_WARN_DIRECT_OBJC_ISA_USAGE = YES_ERROR;
				CLANG_WARN_EMPTY_BODY = YES;
				CLANG_WARN_ENUM_CONVERSION = YES;
				CLANG_WARN_INT_CONVERSION = YES;
				CLANG_WARN_OBJC_ROOT_CLASS = YES_ERROR;
				CLANG_WARN_UNREACHABLE_CODE = YES;
				CLANG_WARN__DUPLICATE_METHOD_MATCH = YES;
				"CODE_SIGN_IDENTITY[sdk=iphoneos*]" = "iPhone Developer";
				COPY_PHASE_STRIP = NO;
				DEBUG_INFORMATION_FORMAT = "dwarf-with-dsym";
				ENABLE_NS_ASSERTIONS = NO;
				ENABLE_STRICT_OBJC_MSGSEND = YES;
				GCC_C_LANGUAGE_STANDARD = gnu99;
				GCC_NO_COMMON_BLOCKS = YES;
				GCC_WARN_64_TO_32_BIT_CONVERSION = YES;
				GCC_WARN_ABOUT_RETURN_TYPE = YES_ERROR;
				GCC_WARN_UNDECLARED_SELECTOR = YES;
				GCC_WARN_UNINITIALIZED_AUTOS = YES_AGGRESSIVE;
				GCC_WARN_UNUSED_FUNCTION = YES;
				GCC_WARN_UNUSED_VARIABLE = YES;
				IPHONEOS_DEPLOYMENT_TARGET = 9.2;
				MTL_ENABLE_DEBUG_INFO = NO;
				SDKROOT = iphoneos;
				TARGETED_DEVICE_FAMILY = "1,2";
				VALIDATE_PRODUCT = YES;
			};
			name = Release;
		};
		430E3EFD1C488B7200476F48 /* Debug */ = {
			isa = XCBuildConfiguration;
			baseConfigurationReference = 526DEE2BF622F6EEFAF1B404 /* Pods-player.debug.xcconfig */;
			buildSettings = {
				ASSETCATALOG_COMPILER_APPICON_NAME = AppIcon;
				CODE_SIGN_ENTITLEMENTS = player/player.entitlements;
				CODE_SIGN_IDENTITY = "iPhone Developer";
				"CODE_SIGN_IDENTITY[sdk=iphoneos*]" = "iPhone Developer";
				EMBEDDED_CONTENT_CONTAINS_SWIFT = YES;
				FRAMEWORK_SEARCH_PATHS = (
					"$(inherited)",
					"$(PROJECT_DIR)",
					"$(PROJECT_DIR)/player",
				);
				INFOPLIST_FILE = player/Info.plist;
				IPHONEOS_DEPLOYMENT_TARGET = 9.0;
				LD_RUNPATH_SEARCH_PATHS = "$(inherited) @executable_path/Frameworks";
				OTHER_LDFLAGS = (
					"$(inherited)",
					"-ObjC",
				);
				PRODUCT_BUNDLE_IDENTIFIER = com.arbormoon.WCBN;
				PRODUCT_NAME = "$(TARGET_NAME)";
				PROVISIONING_PROFILE = "";
				SWIFT_OBJC_BRIDGING_HEADER = "./player/player-Bridging-Header.h";
			};
			name = Debug;
		};
		430E3EFE1C488B7200476F48 /* Release */ = {
			isa = XCBuildConfiguration;
			baseConfigurationReference = 05ECA1C66EB1117EAF4F60C8 /* Pods-player.release.xcconfig */;
			buildSettings = {
				ASSETCATALOG_COMPILER_APPICON_NAME = AppIcon;
				CODE_SIGN_ENTITLEMENTS = player/player.entitlements;
				CODE_SIGN_IDENTITY = "iPhone Developer";
				"CODE_SIGN_IDENTITY[sdk=iphoneos*]" = "iPhone Developer";
				EMBEDDED_CONTENT_CONTAINS_SWIFT = YES;
				FRAMEWORK_SEARCH_PATHS = (
					"$(inherited)",
					"$(PROJECT_DIR)",
					"$(PROJECT_DIR)/player",
				);
				INFOPLIST_FILE = player/Info.plist;
				IPHONEOS_DEPLOYMENT_TARGET = 9.0;
				LD_RUNPATH_SEARCH_PATHS = "$(inherited) @executable_path/Frameworks";
				OTHER_LDFLAGS = (
					"$(inherited)",
					"-ObjC",
				);
				PRODUCT_BUNDLE_IDENTIFIER = com.arbormoon.WCBN;
				PRODUCT_NAME = "$(TARGET_NAME)";
				PROVISIONING_PROFILE = "";
				SWIFT_OBJC_BRIDGING_HEADER = "./player/player-Bridging-Header.h";
			};
			name = Release;
		};
		430E3F001C488B7200476F48 /* Debug */ = {
			isa = XCBuildConfiguration;
			buildSettings = {
				BUNDLE_LOADER = "$(TEST_HOST)";
				FRAMEWORK_SEARCH_PATHS = (
					"$(inherited)",
					"$(PROJECT_DIR)/player",
				);
				INFOPLIST_FILE = playerTests/Info.plist;
				LD_RUNPATH_SEARCH_PATHS = "$(inherited) @executable_path/Frameworks @loader_path/Frameworks";
				PRODUCT_BUNDLE_IDENTIFIER = org.wcbn.playerTests;
				PRODUCT_NAME = "$(TARGET_NAME)";
				TEST_HOST = "$(BUILT_PRODUCTS_DIR)/player.app/player";
			};
			name = Debug;
		};
		430E3F011C488B7200476F48 /* Release */ = {
			isa = XCBuildConfiguration;
			buildSettings = {
				BUNDLE_LOADER = "$(TEST_HOST)";
				FRAMEWORK_SEARCH_PATHS = (
					"$(inherited)",
					"$(PROJECT_DIR)/player",
				);
				INFOPLIST_FILE = playerTests/Info.plist;
				LD_RUNPATH_SEARCH_PATHS = "$(inherited) @executable_path/Frameworks @loader_path/Frameworks";
				PRODUCT_BUNDLE_IDENTIFIER = org.wcbn.playerTests;
				PRODUCT_NAME = "$(TARGET_NAME)";
				TEST_HOST = "$(BUILT_PRODUCTS_DIR)/player.app/player";
			};
			name = Release;
		};
		430E3F031C488B7200476F48 /* Debug */ = {
			isa = XCBuildConfiguration;
			buildSettings = {
				INFOPLIST_FILE = playerUITests/Info.plist;
				LD_RUNPATH_SEARCH_PATHS = "$(inherited) @executable_path/Frameworks @loader_path/Frameworks";
				PRODUCT_BUNDLE_IDENTIFIER = org.wcbn.playerUITests;
				PRODUCT_NAME = "$(TARGET_NAME)";
				TEST_TARGET_NAME = player;
				USES_XCTRUNNER = YES;
			};
			name = Debug;
		};
		430E3F041C488B7200476F48 /* Release */ = {
			isa = XCBuildConfiguration;
			buildSettings = {
				INFOPLIST_FILE = playerUITests/Info.plist;
				LD_RUNPATH_SEARCH_PATHS = "$(inherited) @executable_path/Frameworks @loader_path/Frameworks";
				PRODUCT_BUNDLE_IDENTIFIER = org.wcbn.playerUITests;
				PRODUCT_NAME = "$(TARGET_NAME)";
				TEST_TARGET_NAME = player;
				USES_XCTRUNNER = YES;
			};
			name = Release;
		};
		43E7F1E01D10A10A0052AFF6 /* Debug */ = {
			isa = XCBuildConfiguration;
			baseConfigurationReference = AA61892F09ACB97FF17EEA6F /* Pods-todaySchedule.debug.xcconfig */;
			buildSettings = {
				CLANG_ANALYZER_NONNULL = YES;
				CODE_SIGN_ENTITLEMENTS = todaySchedule/todaySchedule.entitlements;
				CODE_SIGN_IDENTITY = "iPhone Developer";
				"CODE_SIGN_IDENTITY[sdk=iphoneos*]" = "iPhone Developer";
				INFOPLIST_FILE = todaySchedule/Info.plist;
				IPHONEOS_DEPLOYMENT_TARGET = 9.3;
				LD_RUNPATH_SEARCH_PATHS = "$(inherited) @executable_path/Frameworks @executable_path/../../Frameworks";
				PRODUCT_BUNDLE_IDENTIFIER = com.arbormoon.WCBN.todaySchedule;
				PRODUCT_NAME = "$(TARGET_NAME)";
				SKIP_INSTALL = YES;
			};
			name = Debug;
		};
		43E7F1E11D10A10A0052AFF6 /* Release */ = {
			isa = XCBuildConfiguration;
			baseConfigurationReference = 45B965A454596E0FC32CA836 /* Pods-todaySchedule.release.xcconfig */;
			buildSettings = {
				CLANG_ANALYZER_NONNULL = YES;
				CODE_SIGN_ENTITLEMENTS = todaySchedule/todaySchedule.entitlements;
				CODE_SIGN_IDENTITY = "iPhone Distribution";
				"CODE_SIGN_IDENTITY[sdk=iphoneos*]" = "iPhone Distribution";
				INFOPLIST_FILE = todaySchedule/Info.plist;
				IPHONEOS_DEPLOYMENT_TARGET = 9.3;
				LD_RUNPATH_SEARCH_PATHS = "$(inherited) @executable_path/Frameworks @executable_path/../../Frameworks";
				PRODUCT_BUNDLE_IDENTIFIER = com.arbormoon.WCBN.todaySchedule;
				PRODUCT_NAME = "$(TARGET_NAME)";
				SKIP_INSTALL = YES;
			};
			name = Release;
		};
/* End XCBuildConfiguration section */

/* Begin XCConfigurationList section */
		430E3ECD1C488B7200476F48 /* Build configuration list for PBXProject "player" */ = {
			isa = XCConfigurationList;
			buildConfigurations = (
				430E3EFA1C488B7200476F48 /* Debug */,
				430E3EFB1C488B7200476F48 /* Release */,
			);
			defaultConfigurationIsVisible = 0;
			defaultConfigurationName = Release;
		};
		430E3EFC1C488B7200476F48 /* Build configuration list for PBXNativeTarget "player" */ = {
			isa = XCConfigurationList;
			buildConfigurations = (
				430E3EFD1C488B7200476F48 /* Debug */,
				430E3EFE1C488B7200476F48 /* Release */,
			);
			defaultConfigurationIsVisible = 0;
			defaultConfigurationName = Release;
		};
		430E3EFF1C488B7200476F48 /* Build configuration list for PBXNativeTarget "playerTests" */ = {
			isa = XCConfigurationList;
			buildConfigurations = (
				430E3F001C488B7200476F48 /* Debug */,
				430E3F011C488B7200476F48 /* Release */,
			);
			defaultConfigurationIsVisible = 0;
			defaultConfigurationName = Release;
		};
		430E3F021C488B7200476F48 /* Build configuration list for PBXNativeTarget "playerUITests" */ = {
			isa = XCConfigurationList;
			buildConfigurations = (
				430E3F031C488B7200476F48 /* Debug */,
				430E3F041C488B7200476F48 /* Release */,
			);
			defaultConfigurationIsVisible = 0;
			defaultConfigurationName = Release;
		};
		43E7F1E21D10A10A0052AFF6 /* Build configuration list for PBXNativeTarget "todaySchedule" */ = {
			isa = XCConfigurationList;
			buildConfigurations = (
				43E7F1E01D10A10A0052AFF6 /* Debug */,
				43E7F1E11D10A10A0052AFF6 /* Release */,
			);
			defaultConfigurationIsVisible = 0;
			defaultConfigurationName = Release;
		};
/* End XCConfigurationList section */
	};
	rootObject = 430E3ECA1C488B7200476F48 /* Project object */;
}
